
Microsoft Visual Studio Solution File, Format Version 12.00
# Visual Studio 2013
VisualStudioVersion = 12.0.30723.0
MinimumVisualStudioVersion = 10.0.40219.1
Project("{FAE04EC0-301F-11D3-BF4B-00C04F79EFBC}") = "MiniAttandanceSystem", "WebApplication9\MiniAttandanceSystem.csproj", "{707E887E-046A-45B3-B7A3-1F48B8590AAF}"
EndProject
Global
	GlobalSection(SolutionConfigurationPlatforms) = preSolution
		Debug|Any CPU = Debug|Any CPU
		Release|Any CPU = Release|Any CPU
	EndGlobalSection
	GlobalSection(ProjectConfigurationPlatforms) = postSolution
		{707E887E-046A-45B3-B7A3-1F48B8590AAF}.Debug|Any CPU.ActiveCfg = Debug|Any CPU
		{707E887E-046A-45B3-B7A3-1F48B8590AAF}.Debug|Any CPU.Build.0 = Debug|Any CPU
		{707E887E-046A-45B3-B7A3-1F48B8590AAF}.Release|Any CPU.ActiveCfg = Release|Any CPU
		{707E887E-046A-45B3-B7A3-1F48B8590AAF}.Release|Any CPU.Build.0 = Release|Any CPU
	EndGlobalSection
	GlobalSection(SolutionProperties) = preSolution
		HideSolutionNode = FALSE
	EndGlobalSection
EndGlobal
